Microsoft Visual Studio Solution File, Format Version 12.00
# Visual Studio Version 17
VisualStudioVersion = 17.5.2.0
MinimumVisualStudioVersion = 10.0.40219.1
Project("{FAE04EC0-301F-11D3-BF4B-00C04F79EFBC}") = "NewTransactionModel", "NewTransactionModel\NewTransactionModel.csproj", "{25B4D129-2593-4D06-B64F-9B4CD145F335}"
EndProject
Project("{FAE04EC0-301F-11D3-BF4B-00C04F79EFBC}") = "HushNetwork.Shared.Model", "HushNetwork.Shared.Model\HushNetwork.Shared.Model.csproj", "{3EC6C522-1BC0-4E9E-A445-4AE438A94DE0}"
EndProject
Project("{FAE04EC0-301F-11D3-BF4B-00C04F79EFBC}") = "HushNetwork.Shared.DigitalSignature", "HushNetwork.Shared.DigitalSignature\HushNetwork.Shared.DigitalSignature.csproj", "{4D185E2F-99FC-44F9-AA13-8EF63646EFBB}"
EndProject
Global
	GlobalSection(SolutionProperties) = preSolution
		HideSolutionNode = FALSE
	EndGlobalSection
	GlobalSection(ExtensibilityGlobals) = postSolution
		SolutionGuid = {EC69D481-F8EC-4BE6-9A62-394971D0E50D}
	EndGlobalSection
	GlobalSection(SolutionConfigurationPlatforms) = preSolution
		Debug|Any CPU = Debug|Any CPU
		Debug|x64 = Debug|x64
		Debug|x86 = Debug|x86
		Release|Any CPU = Release|Any CPU
		Release|x64 = Release|x64
		Release|x86 = Release|x86
	EndGlobalSection
	GlobalSection(ProjectConfigurationPlatforms) = postSolution
		{25B4D129-2593-4D06-B64F-9B4CD145F335}.Debug|Any CPU.ActiveCfg = Debug|Any CPU
		{25B4D129-2593-4D06-B64F-9B4CD145F335}.Debug|Any CPU.Build.0 = Debug|Any CPU
		{25B4D129-2593-4D06-B64F-9B4CD145F335}.Debug|x64.ActiveCfg = Debug|Any CPU
		{25B4D129-2593-4D06-B64F-9B4CD145F335}.Debug|x64.Build.0 = Debug|Any CPU
		{25B4D129-2593-4D06-B64F-9B4CD145F335}.Debug|x86.ActiveCfg = Debug|Any CPU
		{25B4D129-2593-4D06-B64F-9B4CD145F335}.Debug|x86.Build.0 = Debug|Any CPU
		{25B4D129-2593-4D06-B64F-9B4CD145F335}.Release|Any CPU.ActiveCfg = Release|Any CPU
		{25B4D129-2593-4D06-B64F-9B4CD145F335}.Release|Any CPU.Build.0 = Release|Any CPU
		{25B4D129-2593-4D06-B64F-9B4CD145F335}.Release|x64.ActiveCfg = Release|Any CPU
		{25B4D129-2593-4D06-B64F-9B4CD145F335}.Release|x64.Build.0 = Release|Any CPU
		{25B4D129-2593-4D06-B64F-9B4CD145F335}.Release|x86.ActiveCfg = Release|Any CPU
		{25B4D129-2593-4D06-B64F-9B4CD145F335}.Release|x86.Build.0 = Release|Any CPU
		{3EC6C522-1BC0-4E9E-A445-4AE438A94DE0}.Debug|Any CPU.ActiveCfg = Debug|Any CPU
		{3EC6C522-1BC0-4E9E-A445-4AE438A94DE0}.Debug|Any CPU.Build.0 = Debug|Any CPU
		{3EC6C522-1BC0-4E9E-A445-4AE438A94DE0}.Debug|x64.ActiveCfg = Debug|Any CPU
		{3EC6C522-1BC0-4E9E-A445-4AE438A94DE0}.Debug|x64.Build.0 = Debug|Any CPU
		{3EC6C522-1BC0-4E9E-A445-4AE438A94DE0}.Debug|x86.ActiveCfg = Debug|Any CPU
		{3EC6C522-1BC0-4E9E-A445-4AE438A94DE0}.Debug|x86.Build.0 = Debug|Any CPU
		{3EC6C522-1BC0-4E9E-A445-4AE438A94DE0}.Release|Any CPU.ActiveCfg = Release|Any CPU
		{3EC6C522-1BC0-4E9E-A445-4AE438A94DE0}.Release|Any CPU.Build.0 = Release|Any CPU
		{3EC6C522-1BC0-4E9E-A445-4AE438A94DE0}.Release|x64.ActiveCfg = Release|Any CPU
		{3EC6C522-1BC0-4E9E-A445-4AE438A94DE0}.Release|x64.Build.0 = Release|Any CPU
		{3EC6C522-1BC0-4E9E-A445-4AE438A94DE0}.Release|x86.ActiveCfg = Release|Any CPU
		{3EC6C522-1BC0-4E9E-A445-4AE438A94DE0}.Release|x86.Build.0 = Release|Any CPU
		{4D185E2F-99FC-44F9-AA13-8EF63646EFBB}.Debug|Any CPU.ActiveCfg = Debug|Any CPU
		{4D185E2F-99FC-44F9-AA13-8EF63646EFBB}.Debug|Any CPU.Build.0 = Debug|Any CPU
		{4D185E2F-99FC-44F9-AA13-8EF63646EFBB}.Debug|x64.ActiveCfg = Debug|Any CPU
		{4D185E2F-99FC-44F9-AA13-8EF63646EFBB}.Debug|x64.Build.0 = Debug|Any CPU
		{4D185E2F-99FC-44F9-AA13-8EF63646EFBB}.Debug|x86.ActiveCfg = Debug|Any CPU
		{4D185E2F-99FC-44F9-AA13-8EF63646EFBB}.Debug|x86.Build.0 = Debug|Any CPU
		{4D185E2F-99FC-44F9-AA13-8EF63646EFBB}.Release|Any CPU.ActiveCfg = Release|Any CPU
		{4D185E2F-99FC-44F9-AA13-8EF63646EFBB}.Release|Any CPU.Build.0 = Release|Any CPU
		{4D185E2F-99FC-44F9-AA13-8EF63646EFBB}.Release|x64.ActiveCfg = Release|Any CPU
		{4D185E2F-99FC-44F9-AA13-8EF63646EFBB}.Release|x64.Build.0 = Release|Any CPU
		{4D185E2F-99FC-44F9-AA13-8EF63646EFBB}.Release|x86.ActiveCfg = Release|Any CPU
		{4D185E2F-99FC-44F9-AA13-8EF63646EFBB}.Release|x86.Build.0 = Release|Any CPU
	EndGlobalSection
EndGlobal
