Microsoft Visual Studio Solution File, Format Version 12.00
# Visual Studio Version 17
VisualStudioVersion = 17.5.2.0
MinimumVisualStudioVersion = 10.0.40219.1
Project("{FAE04EC0-301F-11D3-BF4B-00C04F79EFBC}") = "NewTransactionModel", "NewTransactionModel.csproj", "{8CA99C84-C5C7-9C04-65F5-2B926593C374}"
EndProject
Global
	GlobalSection(SolutionConfigurationPlatforms) = preSolution
		Debug|Any CPU = Debug|Any CPU
		Release|Any CPU = Release|Any CPU
	EndGlobalSection
	GlobalSection(ProjectConfigurationPlatforms) = postSolution
		{8CA99C84-C5C7-9C04-65F5-2B926593C374}.Debug|Any CPU.ActiveCfg = Debug|Any CPU
		{8CA99C84-C5C7-9C04-65F5-2B926593C374}.Debug|Any CPU.Build.0 = Debug|Any CPU
		{8CA99C84-C5C7-9C04-65F5-2B926593C374}.Release|Any CPU.ActiveCfg = Release|Any CPU
		{8CA99C84-C5C7-9C04-65F5-2B926593C374}.Release|Any CPU.Build.0 = Release|Any CPU
	EndGlobalSection
	GlobalSection(SolutionProperties) = preSolution
		HideSolutionNode = FALSE
	EndGlobalSection
	GlobalSection(ExtensibilityGlobals) = postSolution
		SolutionGuid = {EC69D481-F8EC-4BE6-9A62-394971D0E50D}
	EndGlobalSection
EndGlobal
